Microsoft Visual Studio Solution File, Format Version 12.00
# Visual Studio Version 17
VisualStudioVersion = 17.5.2.0
MinimumVisualStudioVersion = 10.0.40219.1
Project("{FAE04EC0-301F-11D3-BF4B-00C04F79EFBC}") = "Receitoca.Api", "Receitoca.Api\Receitoca.Api.csproj", "{0023807C-9F6B-49FA-BECC-8B6D893D57DD}"
EndProject
Global
	GlobalSection(SolutionConfigurationPlatforms) = preSolution
		Debug|Any CPU = Debug|Any CPU
		Release|Any CPU = Release|Any CPU
	EndGlobalSection
	GlobalSection(ProjectConfigurationPlatforms) = postSolution
		{0023807C-9F6B-49FA-BECC-8B6D893D57DD}.Debug|Any CPU.ActiveCfg = Debug|Any CPU
		{0023807C-9F6B-49FA-BECC-8B6D893D57DD}.Debug|Any CPU.Build.0 = Debug|Any CPU
		{0023807C-9F6B-49FA-BECC-8B6D893D57DD}.Release|Any CPU.ActiveCfg = Release|Any CPU
		{0023807C-9F6B-49FA-BECC-8B6D893D57DD}.Release|Any CPU.Build.0 = Release|Any CPU
	EndGlobalSection
	GlobalSection(SolutionProperties) = preSolution
		HideSolutionNode = FALSE
	EndGlobalSection
	GlobalSection(ExtensibilityGlobals) = postSolution
		SolutionGuid = {365C83DA-C6BF-4501-B9EA-9286AC1DD527}
	EndGlobalSection
EndGlobal
